<?xml version="1.0" encoding="utf-8"?>
<Project ToolsVersion="4.0" xmlns="http://schemas.microsoft.com/developer/msbuild/2003">
  <ItemGroup>
    <Filter Include="Source Files">
      <UniqueIdentifier>{4FC737F1-C7A5-4376-A066-2A32D752A2FF}</UniqueIdentifier>
      <Extensions>cpp;c;cc;cxx;def;odl;idl;hpj;bat;asm;asmx</Extensions>
    </Filter>
    <Filter Include="Header Files">
      <UniqueIdentifier>{93995380-89BD-4b04-88EB-625FBE52EBFB}</UniqueIdentifier>
      <Extensions>h;hh;hpp;hxx;hm;inl;inc;xsd</Extensions>
    </Filter>
    <Filter Include="Resource Files">
      <UniqueIdentifier>{67DA6AB6-F800-4c08-8B7A-83BB121AAD01}</UniqueIdentifier>
      <Extensions>qrc;rc;ico;cur;bmp;dlg;rc2;rct;bin;rgs;gif;jpg;jpeg;jpe;resx;tiff;tif;png;wav;mfcribbon-ms</Extensions>
    </Filter>
    <Filter Include="Form Files">
      <UniqueIdentifier>{99349809-55BA-4b9d-BF79-8FDBB0286EB3}</UniqueIdentifier>
      <Extensions>ui</Extensions>
    </Filter>
    <Filter Include="Translation Files">
      <UniqueIdentifier>{639EADAA-A684-42e4-A9AD-28FC9BCB8F7C}</UniqueIdentifier>
      <Extensions>ts</Extensions>
    </Filter>
  </ItemGroup>
  <ItemGroup>
    <QtRcc Include="FastStack.qrc">
      <Filter>Resource Files</Filter>
    </QtRcc>
    <QtUic Include="FastStack.ui">
      <Filter>Form Files</Filter>
    </QtUic>
    <QtMoc Include="FastStack.h">
      <Filter>Header Files</Filter>
    </QtMoc>
    <ClCompile Include="FastStack.cpp">
      <Filter>Source Files</Filter>
    </ClCompile>
  </ItemGroup>
  <ItemGroup>
    <ClCompile Include="main.cpp">
      <Filter>Source Files</Filter>
    </ClCompile>
    <ClCompile Include="StarMatching.cpp">
      <Filter>Source Files</Filter>
    </ClCompile>
    <ClCompile Include="Homography.cpp">
      <Filter>Source Files</Filter>
    </ClCompile>
    <ClCompile Include="ImageStacking.cpp">
      <Filter>Source Files</Filter>
    </ClCompile>
    <ClCompile Include="Image.cpp">
      <Filter>Source Files</Filter>
    </ClCompile>
    <ClCompile Include="ImageOperations.cpp">
      <Filter>Source Files</Filter>
    </ClCompile>
    <ClCompile Include="Drizzle.cpp">
      <Filter>Source Files</Filter>
    </ClCompile>
    <ClCompile Include="Matrix.cpp">
      <Filter>Source Files</Filter>
    </ClCompile>
    <ClCompile Include="StarDetector.cpp">
      <Filter>Source Files</Filter>
    </ClCompile>
    <ClCompile Include="Wavelet.cpp">
      <Filter>Source Files</Filter>
    </ClCompile>
    <ClCompile Include="HistogramTransformation.cpp">
      <Filter>Source Files</Filter>
    </ClCompile>
    <ClCompile Include="CurveInterpolation.cpp">
      <Filter>Source Files</Filter>
    </ClCompile>
    <ClCompile Include="CurvesTransformation.cpp">
      <Filter>Source Files</Filter>
    </ClCompile>
    <ClCompile Include="ImageWindow.cpp">
      <Filter>Source Files</Filter>
    </ClCompile>
    <ClCompile Include="MenuBar.cpp">
      <Filter>Source Files</Filter>
    </ClCompile>
    <ClCompile Include="pch.cpp">
      <Filter>Source Files</Filter>
    </ClCompile>
    <ClCompile Include="Bitmap.cpp">
      <Filter>Source Files</Filter>
    </ClCompile>
    <ClCompile Include="FITS.cpp">
      <Filter>Source Files</Filter>
    </ClCompile>
    <ClCompile Include="TIFF.cpp">
      <Filter>Source Files</Filter>
    </ClCompile>
    <ClCompile Include="ASinhStretch.cpp">
      <Filter>Source Files</Filter>
    </ClCompile>
    <ClCompile Include="LocalHistogramEqualization.cpp">
      <Filter>Source Files</Filter>
    </ClCompile>
    <ClCompile Include="Toolbar.cpp">
      <Filter>Source Files</Filter>
    </ClCompile>
  </ItemGroup>
  <ItemGroup>
    <ClInclude Include="StarMatching.h">
      <Filter>Header Files</Filter>
    </ClInclude>
    <ClInclude Include="Homography.h">
      <Filter>Header Files</Filter>
    </ClInclude>
    <ClInclude Include="ImageStacking.h">
      <Filter>Header Files</Filter>
    </ClInclude>
    <ClInclude Include="Image.h">
      <Filter>Header Files</Filter>
    </ClInclude>
    <ClInclude Include="Interpolator.h">
      <Filter>Header Files</Filter>
    </ClInclude>
    <ClInclude Include="ImageOperations.h">
      <Filter>Header Files</Filter>
    </ClInclude>
    <ClInclude Include="Drizzle.h">
      <Filter>Header Files</Filter>
    </ClInclude>
    <ClInclude Include="Matrix.h">
      <Filter>Header Files</Filter>
    </ClInclude>
    <ClInclude Include="RGBColorSpace.h">
      <Filter>Header Files</Filter>
    </ClInclude>
    <ClInclude Include="Maths.h">
      <Filter>Header Files</Filter>
    </ClInclude>
    <ClInclude Include="GaussianFilter.h">
      <Filter>Header Files</Filter>
    </ClInclude>
    <ClInclude Include="StarDetector.h">
      <Filter>Header Files</Filter>
    </ClInclude>
    <ClInclude Include="Star.h">
      <Filter>Header Files</Filter>
    </ClInclude>
    <ClInclude Include="Wavelet.h">
      <Filter>Header Files</Filter>
    </ClInclude>
    <ClInclude Include="CurveInterpolation.h">
      <Filter>Header Files</Filter>
    </ClInclude>
    <ClInclude Include="CurvesTransformation.h">
      <Filter>Header Files</Filter>
    </ClInclude>
    <ClInclude Include="pch.h">
      <Filter>Header Files</Filter>
    </ClInclude>
    <ClInclude Include="Bitmap.h">
      <Filter>Header Files</Filter>
    </ClInclude>
    <ClInclude Include="ImageFile.h">
      <Filter>Header Files</Filter>
    </ClInclude>
    <ClInclude Include="FITS.h">
      <Filter>Header Files</Filter>
    </ClInclude>
    <ClInclude Include="TIFF.h">
      <Filter>Header Files</Filter>
    </ClInclude>
  </ItemGroup>
  <ItemGroup>
    <QtMoc Include="MenuBar.h">
      <Filter>Header Files</Filter>
    </QtMoc>
    <QtMoc Include="ImageWindow.h">
      <Filter>Header Files</Filter>
    </QtMoc>
    <QtMoc Include="SaveFileOptionsWindows.h">
      <Filter>Header Files</Filter>
    </QtMoc>
    <QtMoc Include="HistogramTransformation.h">
      <Filter>Header Files</Filter>
    </QtMoc>
    <QtMoc Include="ASinhStretch.h">
      <Filter>Header Files</Filter>
    </QtMoc>
    <QtMoc Include="LocalHistogramEqualization.h">
      <Filter>Header Files</Filter>
    </QtMoc>
    <QtMoc Include="Toolbar.h">
      <Filter>Header Files</Filter>
    </QtMoc>
  </ItemGroup>
  <ItemGroup>
    <QtUic Include="MenuBar.ui">
      <Filter>Form Files</Filter>
    </QtUic>
    <QtUic Include="ImageWindow.ui">
      <Filter>Form Files</Filter>
    </QtUic>
  </ItemGroup>
</Project>