<?xml version="1.0" encoding="utf-8"?>
<Project ToolsVersion="4.0" xmlns="http://schemas.microsoft.com/developer/msbuild/2003">
  <ItemGroup>
    <Filter Include="Source Files">
      <UniqueIdentifier>{4FC737F1-C7A5-4376-A066-2A32D752A2FF}</UniqueIdentifier>
      <Extensions>cpp;c;cc;cxx;def;odl;idl;hpj;bat;asm;asmx</Extensions>
    </Filter>
    <Filter Include="Header Files">
      <UniqueIdentifier>{93995380-89BD-4b04-88EB-625FBE52EBFB}</UniqueIdentifier>
      <Extensions>h;hh;hpp;hxx;hm;inl;inc;xsd</Extensions>
    </Filter>
    <Filter Include="Resource Files">
      <UniqueIdentifier>{67DA6AB6-F800-4c08-8B7A-83BB121AAD01}</UniqueIdentifier>
      <Extensions>qrc;rc;ico;cur;bmp;dlg;rc2;rct;bin;rgs;gif;jpg;jpeg;jpe;resx;tiff;tif;png;wav;mfcribbon-ms</Extensions>
    </Filter>
    <Filter Include="Form Files">
      <UniqueIdentifier>{99349809-55BA-4b9d-BF79-8FDBB0286EB3}</UniqueIdentifier>
      <Extensions>ui</Extensions>
    </Filter>
    <Filter Include="Translation Files">
      <UniqueIdentifier>{639EADAA-A684-42e4-A9AD-28FC9BCB8F7C}</UniqueIdentifier>
      <Extensions>ts</Extensions>
    </Filter>
  </ItemGroup>
  <ItemGroup>
    <QtRcc Include="FastStack.qrc">
      <Filter>Resource Files</Filter>
    </QtRcc>
    <QtUic Include="FastStack.ui">
      <Filter>Form Files</Filter>
    </QtUic>
    <QtMoc Include="FastStack.h">
      <Filter>Header Files</Filter>
    </QtMoc>
    <ClCompile Include="FastStack.cpp">
      <Filter>Source Files</Filter>
    </ClCompile>
  </ItemGroup>
  <ItemGroup>
    <ClCompile Include="main.cpp">
      <Filter>Source Files</Filter>
    </ClCompile>
    <ClCompile Include="SourceFiles\StarMatching.cpp">
      <Filter>Source Files</Filter>
    </ClCompile>
    <ClCompile Include="SourceFiles\Homography.cpp">
      <Filter>Source Files</Filter>
    </ClCompile>
    <ClCompile Include="SourceFiles\Image.cpp">
      <Filter>Source Files</Filter>
    </ClCompile>
    <ClCompile Include="SourceFiles\ImageOperations.cpp">
      <Filter>Source Files</Filter>
    </ClCompile>
    <ClCompile Include="SourceFiles\Drizzle.cpp">
      <Filter>Source Files</Filter>
    </ClCompile>
    <ClCompile Include="SourceFiles\Matrix.cpp">
      <Filter>Source Files</Filter>
    </ClCompile>
    <ClCompile Include="SourceFiles\StarDetector.cpp">
      <Filter>Source Files</Filter>
    </ClCompile>
    <ClCompile Include="SourceFiles\Wavelet.cpp">
      <Filter>Source Files</Filter>
    </ClCompile>
    <ClCompile Include="SourceFiles\HistogramTransformation.cpp">
      <Filter>Source Files</Filter>
    </ClCompile>
    <ClCompile Include="SourceFiles\CurveInterpolation.cpp">
      <Filter>Source Files</Filter>
    </ClCompile>
    <ClCompile Include="SourceFiles\CurvesTransformation.cpp">
      <Filter>Source Files</Filter>
    </ClCompile>
    <ClCompile Include="SourceFiles\ImageWindow.cpp">
      <Filter>Source Files</Filter>
    </ClCompile>
    <ClCompile Include="SourceFiles\MenuBar.cpp">
      <Filter>Source Files</Filter>
    </ClCompile>
    <ClCompile Include="pch.cpp">
      <Filter>Source Files</Filter>
    </ClCompile>
    <ClCompile Include="SourceFiles\Bitmap.cpp">
      <Filter>Source Files</Filter>
    </ClCompile>
    <ClCompile Include="SourceFiles\FITS.cpp">
      <Filter>Source Files</Filter>
    </ClCompile>
    <ClCompile Include="SourceFiles\TIFF.cpp">
      <Filter>Source Files</Filter>
    </ClCompile>
    <ClCompile Include="SourceFiles\LocalHistogramEqualization.cpp">
      <Filter>Source Files</Filter>
    </ClCompile>
    <ClCompile Include="ProcessDialog.cpp">
      <Filter>Source Files</Filter>
    </ClCompile>
    <ClCompile Include="SourceFiles\AdaptiveStretch.cpp">
      <Filter>Source Files</Filter>
    </ClCompile>
    <ClCompile Include="SourceFiles\AutomaticBackgroundExtraction.cpp">
      <Filter>Source Files</Filter>
    </ClCompile>
    <ClCompile Include="SourceFiles\ImageStackingDialog.cpp">
      <Filter>Source Files</Filter>
    </ClCompile>
    <ClCompile Include="SourceFiles\MorphologicalTransformation.cpp">
      <Filter>Source Files</Filter>
    </ClCompile>
    <ClCompile Include="SourceFiles\ImageCalibration.cpp">
      <Filter>Source Files</Filter>
    </ClCompile>
    <ClCompile Include="SourceFiles\ImageStacking.cpp">
      <Filter>Source Files</Filter>
    </ClCompile>
    <ClCompile Include="SourceFiles\ImageFileReader.cpp">
      <Filter>Source Files</Filter>
    </ClCompile>
    <ClCompile Include="SourceFiles\Workspace.cpp">
      <Filter>Source Files</Filter>
    </ClCompile>
    <ClCompile Include="SourceFiles\ImageGeometry.cpp">
      <Filter>Source Files</Filter>
    </ClCompile>
    <ClCompile Include="SourceFiles\ImageGeometryDialogs.cpp">
      <Filter>Source Files</Filter>
    </ClCompile>
    <ClCompile Include="SourceFiles\GaussianFilter.cpp">
      <Filter>Source Files</Filter>
    </ClCompile>
    <ClCompile Include="SourceFiles\BilateralFilter.cpp">
      <Filter>Source Files</Filter>
    </ClCompile>
    <ClCompile Include="SourceFiles\RangeMask.cpp">
      <Filter>Source Files</Filter>
    </ClCompile>
    <ClCompile Include="SourceFiles\AutoHistogram.cpp">
      <Filter>Source Files</Filter>
    </ClCompile>
    <ClCompile Include="SourceFiles\EdgeDetection.cpp">
      <Filter>Source Files</Filter>
    </ClCompile>
    <ClCompile Include="SourceFiles\ColorSaturation.cpp">
      <Filter>Source Files</Filter>
    </ClCompile>
    <ClCompile Include="SourceFiles\LRGBCombination.cpp">
      <Filter>Source Files</Filter>
    </ClCompile>
    <ClCompile Include="SourceFiles\ChannelCombination.cpp">
      <Filter>Source Files</Filter>
    </ClCompile>
    <ClCompile Include="SourceFiles\FastStackToolBar.cpp">
      <Filter>Source Files</Filter>
    </ClCompile>
    <ClCompile Include="SourceFiles\StarMask.cpp">
      <Filter>Source Files</Filter>
    </ClCompile>
    <ClCompile Include="SourceFiles\Binerize.cpp">
      <Filter>Source Files</Filter>
    </ClCompile>
    <ClCompile Include="SourceFiles\StarAlignment.cpp">
      <Filter>Source Files</Filter>
    </ClCompile>
    <ClCompile Include="SourceFiles\ImageIntegrationProcess.cpp">
      <Filter>Source Files</Filter>
    </ClCompile>
    <ClCompile Include="SourceFiles\Statistics.cpp">
      <Filter>Source Files</Filter>
    </ClCompile>
    <ClCompile Include="SourceFiles\ASinhStretch.cpp">
      <Filter>Source Files</Filter>
    </ClCompile>
    <ClCompile Include="CustomWidgets.cpp">
      <Filter>Source Files</Filter>
    </ClCompile>
  </ItemGroup>
  <ItemGroup>
    <ClInclude Include="HeaderFiles\StarMatching.h">
      <Filter>Header Files</Filter>
    </ClInclude>
    <ClInclude Include="HeaderFiles\Homography.h">
      <Filter>Header Files</Filter>
    </ClInclude>
    <ClInclude Include="HeaderFiles\Image.h">
      <Filter>Header Files</Filter>
    </ClInclude>
    <ClInclude Include="HeaderFiles\Interpolator.h">
      <Filter>Header Files</Filter>
    </ClInclude>
    <ClInclude Include="HeaderFiles\ImageOperations.h">
      <Filter>Header Files</Filter>
    </ClInclude>
    <ClInclude Include="HeaderFiles\Drizzle.h">
      <Filter>Header Files</Filter>
    </ClInclude>
    <ClInclude Include="HeaderFiles\Matrix.h">
      <Filter>Header Files</Filter>
    </ClInclude>
    <ClInclude Include="HeaderFiles\RGBColorSpace.h">
      <Filter>Header Files</Filter>
    </ClInclude>
    <ClInclude Include="HeaderFiles\Maths.h">
      <Filter>Header Files</Filter>
    </ClInclude>
    <ClInclude Include="HeaderFiles\GaussianFilter.h">
      <Filter>Header Files</Filter>
    </ClInclude>
    <ClInclude Include="HeaderFiles\Star.h">
      <Filter>Header Files</Filter>
    </ClInclude>
    <ClInclude Include="HeaderFiles\Wavelet.h">
      <Filter>Header Files</Filter>
    </ClInclude>
    <ClInclude Include="pch.h">
      <Filter>Header Files</Filter>
    </ClInclude>
    <ClInclude Include="HeaderFiles\ImageFile.h">
      <Filter>Header Files</Filter>
    </ClInclude>
    <ClInclude Include="HeaderFiles\FITS.h">
      <Filter>Header Files</Filter>
    </ClInclude>
    <ClInclude Include="HeaderFiles\TIFF.h">
      <Filter>Header Files</Filter>
    </ClInclude>
    <ClInclude Include="HeaderFiles\Histogram.h">
      <Filter>Header Files</Filter>
    </ClInclude>
    <ClInclude Include="HeaderFiles\MorphologicalTransformation.h">
      <Filter>Header Files</Filter>
    </ClInclude>
    <ClInclude Include="HeaderFiles\ImageCalibration.h">
      <Filter>Header Files</Filter>
    </ClInclude>
    <ClInclude Include="HeaderFiles\ImageFileReader.h">
      <Filter>Header Files</Filter>
    </ClInclude>
    <ClInclude Include="HeaderFiles\ImageGeometry.h">
      <Filter>Header Files</Filter>
    </ClInclude>
    <ClInclude Include="HeaderFiles\ImageGeometryDialogs.h">
      <Filter>Header Files</Filter>
    </ClInclude>
    <ClInclude Include="HeaderFiles\EdgeDetection.h">
      <Filter>Header Files</Filter>
    </ClInclude>
    <ClInclude Include="HeaderFiles\LRGBCombination.h">
      <Filter>Header Files</Filter>
    </ClInclude>
    <ClInclude Include="HeaderFiles\FastStackToolBar.h">
      <Filter>Header Files</Filter>
    </ClInclude>
    <ClInclude Include="HeaderFiles\StarMask.h">
      <Filter>Header Files</Filter>
    </ClInclude>
    <ClInclude Include="HeaderFiles\StarDetector.h">
      <Filter>Header Files</Filter>
    </ClInclude>
    <ClInclude Include="HeaderFiles\ImageIntegrationProcess.h">
      <Filter>Header Files</Filter>
    </ClInclude>
    <ClInclude Include="Header Files\ASinhStretch.h">
      <Filter>Header Files</Filter>
    </ClInclude>
    <ClInclude Include="Header Files\AutoHistogram.h">
      <Filter>Header Files</Filter>
    </ClInclude>
    <ClInclude Include="Header Files\AutomaticBackgroundExtraction.h">
      <Filter>Header Files</Filter>
    </ClInclude>
    <ClInclude Include="Header Files\BilateralFilter.h">
      <Filter>Header Files</Filter>
    </ClInclude>
    <ClInclude Include="Header Files\Binerize.h">
      <Filter>Header Files</Filter>
    </ClInclude>
    <ClInclude Include="Header Files\Bitmap.h">
      <Filter>Header Files</Filter>
    </ClInclude>
    <ClInclude Include="Header Files\ChannelCombination.h">
      <Filter>Header Files</Filter>
    </ClInclude>
    <ClInclude Include="Header Files\ColorSaturation.h">
      <Filter>Header Files</Filter>
    </ClInclude>
    <ClInclude Include="Header Files\CurveInterpolation.h">
      <Filter>Header Files</Filter>
    </ClInclude>
    <ClInclude Include="Header Files\CurvesTransformation.h">
      <Filter>Header Files</Filter>
    </ClInclude>
    <ClInclude Include="HeaderFiles\AutoHistogram.h">
      <Filter>Header Files</Filter>
    </ClInclude>
    <ClInclude Include="HeaderFiles\BilateralFilter.h">
      <Filter>Header Files</Filter>
    </ClInclude>
    <ClInclude Include="HeaderFiles\Binerize.h">
      <Filter>Header Files</Filter>
    </ClInclude>
    <ClInclude Include="HeaderFiles\Bitmap.h">
      <Filter>Header Files</Filter>
    </ClInclude>
    <ClInclude Include="HeaderFiles\ChannelCombination.h">
      <Filter>Header Files</Filter>
    </ClInclude>
  </ItemGroup>
  <ItemGroup>
    <QtMoc Include="HeaderFiles\MenuBar.h">
      <Filter>Header Files</Filter>
    </QtMoc>
    <QtMoc Include="HeaderFiles\ImageWindow.h">
      <Filter>Header Files</Filter>
    </QtMoc>
    <QtMoc Include="HeaderFiles\SaveFileOptionsWindows.h">
      <Filter>Header Files</Filter>
    </QtMoc>
    <QtMoc Include="HeaderFiles\HistogramTransformation.h">
      <Filter>Header Files</Filter>
    </QtMoc>
    <QtMoc Include="HeaderFiles\LocalHistogramEqualization.h">
      <Filter>Header Files</Filter>
    </QtMoc>
    <QtMoc Include="ProcessDialog.h">
      <Filter>Header Files</Filter>
    </QtMoc>
    <QtMoc Include="HeaderFiles\Workspace.h">
      <Filter>Header Files</Filter>
    </QtMoc>
    <QtMoc Include="HeaderFiles\RangeMask.h">
      <Filter>Header Files</Filter>
    </QtMoc>
    <QtMoc Include="HeaderFiles\StarAlignment.h">
      <Filter>Header Files</Filter>
    </QtMoc>
    <QtMoc Include="HeaderFiles\ImageStackingDialog.h">
      <Filter>Header Files</Filter>
    </QtMoc>
    <QtMoc Include="HeaderFiles\ImageStacking.h">
      <Filter>Header Files</Filter>
    </QtMoc>
    <QtMoc Include="HeaderFiles\Statistics.h">
      <Filter>Header Files</Filter>
    </QtMoc>
    <QtMoc Include="HeaderFiles\AdaptiveStretch.h">
      <Filter>Header Files</Filter>
    </QtMoc>
    <QtMoc Include="HeaderFiles\ASinhStretch.h">
      <Filter>Header Files</Filter>
    </QtMoc>
    <QtMoc Include="HeaderFiles\ColorSaturation.h">
      <Filter>Header Files</Filter>
    </QtMoc>
    <QtMoc Include="HeaderFiles\CurvesTransformation.h">
      <Filter>Header Files</Filter>
    </QtMoc>
    <QtMoc Include="HeaderFiles\CurveInterpolation.h">
      <Filter>Header Files</Filter>
    </QtMoc>
    <QtMoc Include="HeaderFiles\AutomaticBackgroundExtraction.h">
      <Filter>Header Files</Filter>
    </QtMoc>
    <QtMoc Include="CustomWidgets.h">
      <Filter>Header Files</Filter>
    </QtMoc>
  </ItemGroup>
  <ItemGroup>
    <None Include=".gitattributes" />
    <None Include=".gitignore" />
  </ItemGroup>
</Project>